Microsoft Visual Studio Solution File, Format Version 12.00
# Visual Studio Version 17
VisualStudioVersion = 17.5.2.0
MinimumVisualStudioVersion = 10.0.40219.1
Project("{FAE04EC0-301F-11D3-BF4B-00C04F79EFBC}") = "Activities", "Activities.csproj", "{9151F2BC-4224-D46E-7B50-DA8EADF6D56A}"
EndProject
Global
	GlobalSection(SolutionConfigurationPlatforms) = preSolution
		Debug|Any CPU = Debug|Any CPU
		Release|Any CPU = Release|Any CPU
	EndGlobalSection
	GlobalSection(ProjectConfigurationPlatforms) = postSolution
		{9151F2BC-4224-D46E-7B50-DA8EADF6D56A}.Debug|Any CPU.ActiveCfg = Debug|Any CPU
		{9151F2BC-4224-D46E-7B50-DA8EADF6D56A}.Debug|Any CPU.Build.0 = Debug|Any CPU
		{9151F2BC-4224-D46E-7B50-DA8EADF6D56A}.Release|Any CPU.ActiveCfg = Release|Any CPU
		{9151F2BC-4224-D46E-7B50-DA8EADF6D56A}.Release|Any CPU.Build.0 = Release|Any CPU
	EndGlobalSection
	GlobalSection(SolutionProperties) = preSolution
		HideSolutionNode = FALSE
	EndGlobalSection
	GlobalSection(ExtensibilityGlobals) = postSolution
		SolutionGuid = {61FF9D93-0071-40FC-8382-E7FE037C6F25}
	EndGlobalSection
EndGlobal
